
Microsoft Visual Studio Solution File, Format Version 12.00
# Visual Studio Version 17
VisualStudioVersion = 17.10.34928.147
MinimumVisualStudioVersion = 10.0.40219.1
Project("{FAE04EC0-301F-11D3-BF4B-00C04F79EFBC}") = "CM3070_API", "CM3070_API\CM3070_API.csproj", "{832F1B4F-B5CD-47A3-8C1D-DE3B96BA0C7C}"
EndProject
Global
	GlobalSection(SolutionConfigurationPlatforms) = preSolution
		Debug|Any CPU = Debug|Any CPU
		Release|Any CPU = Release|Any CPU
	EndGlobalSection
	GlobalSection(ProjectConfigurationPlatforms) = postSolution
		{832F1B4F-B5CD-47A3-8C1D-DE3B96BA0C7C}.Debug|Any CPU.ActiveCfg = Debug|Any CPU
		{832F1B4F-B5CD-47A3-8C1D-DE3B96BA0C7C}.Debug|Any CPU.Build.0 = Debug|Any CPU
		{832F1B4F-B5CD-47A3-8C1D-DE3B96BA0C7C}.Release|Any CPU.ActiveCfg = Release|Any CPU
		{832F1B4F-B5CD-47A3-8C1D-DE3B96BA0C7C}.Release|Any CPU.Build.0 = Release|Any CPU
	EndGlobalSection
	GlobalSection(SolutionProperties) = preSolution
		HideSolutionNode = FALSE
	EndGlobalSection
	GlobalSection(ExtensibilityGlobals) = postSolution
		SolutionGuid = {FEA0FAE0-59AA-4B93-B904-4D3BFD2F15C0}
	EndGlobalSection
EndGlobal
